{
  "name": "AzureFunctionChallenge",
  "version": "1.0.0",
  "lockfileVersion": 1,
  "requires": true,
  "dependencies": {
    "@types/dotenv": {
      "version": "4.0.3",
      "resolved": "https://registry.npmjs.org/@types/dotenv/-/dotenv-4.0.3.tgz",
      "integrity": "sha512-mmhpINC/HcLGQK5ikFJlLXINVvcxhlrV+ZOUJSN7/ottYl+8X4oSXzS9lBtDkmWAl96EGyGyLrNvk9zqdSH8Fw==",
      "requires": {
        "@types/node": "10.7.0"
      }
    },
    "@types/node": {
      "version": "10.7.0",
      "resolved": "https://registry.npmjs.org/@types/node/-/node-10.7.0.tgz",
      "integrity": "sha512-dmYIvoQEZWnyQfgrwPCoxztv/93NYQGEiOoQhuI56rJahv9de6Q2apZl3bufV46YJ0OAXdaktIuw4RIRl4DTeA=="
    },
    "auto-parse": {
      "version": "1.5.1",
      "resolved": "https://registry.npmjs.org/auto-parse/-/auto-parse-1.5.1.tgz",
      "integrity": "sha512-oL5r9f/DwcBW+Wt6am20XzJhKO7x37p4ZT0yJS0UI2eAgnjeS6ueAjDN6Djx4JKeFw7mU11YWAn3ZlwGNZLPcQ==",
      "requires": {
        "typpy": "2.3.10"
      }
    },
    "big-integer": {
      "version": "1.6.34",
      "resolved": "https://registry.npmjs.org/big-integer/-/big-integer-1.6.34.tgz",
      "integrity": "sha512-+w6B0Uo0ZvTSzDkXjoBCTNK0oe+aVL+yPi7kwGZm8hd8+Nj1AFPoxoq1Bl/mEu/G/ivOkUc1LRqVR0XeWFUzuA=="
    },
    "binary-search-bounds": {
      "version": "2.0.3",
      "resolved": "https://registry.npmjs.org/binary-search-bounds/-/binary-search-bounds-2.0.3.tgz",
      "integrity": "sha1-X/hhbW3SylOIvIWy1iZuK52lAtw="
    },
    "camelcase": {
      "version": "5.0.0",
      "resolved": "https://registry.npmjs.org/camelcase/-/camelcase-5.0.0.tgz",
      "integrity": "sha512-faqwZqnWxbxn+F1d399ygeamQNy3lPp/H9H6rNrqYh4FSVCtcY+3cub1MxA8o9mDd55mM8Aghuu/kuyYA6VTsA=="
    },
    "cross-spawn": {
      "version": "6.0.5",
      "resolved": "https://registry.npmjs.org/cross-spawn/-/cross-spawn-6.0.5.tgz",
      "integrity": "sha512-eTVLrBSt7fjbDygz805pMnstIs2VTBNkRm0qxZd+M7A5XDdxVRWO5MxGBXZhjY4cqLYLdtrGqRf8mBPmzwSpWQ==",
      "requires": {
        "nice-try": "1.0.4",
        "path-key": "2.0.1",
        "semver": "5.5.0",
        "shebang-command": "1.2.0",
        "which": "1.3.1"
      }
    },
    "documentdb": {
      "version": "1.14.5",
      "resolved": "https://registry.npmjs.org/documentdb/-/documentdb-1.14.5.tgz",
      "integrity": "sha512-0nDoQQiq5jzGIxOQF2y2bUOrFYehvk9pIrXy0dscXc3JsepNYhNVmjIsug5sgYPbt+XUYtMXpsfjzGCnYgNXgw==",
      "requires": {
        "big-integer": "1.6.34",
        "binary-search-bounds": "2.0.3",
        "int64-buffer": "0.1.10",
        "priorityqueuejs": "1.0.0",
        "semaphore": "1.0.5",
        "tunnel": "0.0.5",
        "underscore": "1.8.3"
      }
    },
    "dotenv": {
      "version": "6.0.0",
      "resolved": "https://registry.npmjs.org/dotenv/-/dotenv-6.0.0.tgz",
      "integrity": "sha512-FlWbnhgjtwD+uNLUGHbMykMOYQaTivdHEmYwAKFjn6GKe/CqY0fNae93ZHTd20snh9ZLr8mTzIL9m0APQ1pjQg=="
    },
    "dotenv-extended": {
      "version": "2.2.0",
      "resolved": "https://registry.npmjs.org/dotenv-extended/-/dotenv-extended-2.2.0.tgz",
      "integrity": "sha512-9T0spjy9b8WCOCS9lpFh707lNhsqHSs5Qbq4jDEbobbmxJ4B9FCW95bHD9HJyBYUiuSv4QWmMConkvyFly10eg==",
      "requires": {
        "@types/dotenv": "4.0.3",
        "auto-parse": "1.5.1",
        "camelcase": "5.0.0",
        "cross-spawn": "6.0.5",
        "dotenv": "6.0.0",
        "is-windows": "1.0.2",
        "lodash": "4.17.10"
      }
    },
    "function.name": {
      "version": "1.0.10",
      "resolved": "https://registry.npmjs.org/function.name/-/function.name-1.0.10.tgz",
      "integrity": "sha512-IPRArugcDP5O1oRUl2H55GnLNq3CV26bG/dFzLx0AR2dhB/4nj9rIqh1NBdlK7bWlfggV1Q+Aq5Jxafr/+j4BQ==",
      "requires": {
        "noop6": "1.0.7"
      }
    },
    "int64-buffer": {
      "version": "0.1.10",
      "resolved": "https://registry.npmjs.org/int64-buffer/-/int64-buffer-0.1.10.tgz",
      "integrity": "sha1-J3siiofZWtd30HwTgyAiQGpHNCM="
    },
    "is-windows": {
      "version": "1.0.2",
      "resolved": "https://registry.npmjs.org/is-windows/-/is-windows-1.0.2.tgz",
      "integrity": "sha512-eXK1UInq2bPmjyX6e3VHIzMLobc4J94i4AWn+Hpq3OU5KkrRC96OAcR3PRJ/pGu6m8TRnBHP9dkXQVsT/COVIA=="
    },
    "isexe": {
      "version": "2.0.0",
      "resolved": "https://registry.npmjs.org/isexe/-/isexe-2.0.0.tgz",
      "integrity": "sha1-6PvzdNxVb/iUehDcsFctYz8s+hA="
    },
    "lodash": {
      "version": "4.17.10",
      "resolved": "https://registry.npmjs.org/lodash/-/lodash-4.17.10.tgz",
      "integrity": "sha512-UejweD1pDoXu+AD825lWwp4ZGtSwgnpZxb3JDViD7StjQz+Nb/6l093lx4OQ0foGWNRoc19mWy7BzL+UAK2iVg=="
    },
    "nice-try": {
      "version": "1.0.4",
      "resolved": "https://registry.npmjs.org/nice-try/-/nice-try-1.0.4.tgz",
      "integrity": "sha512-2NpiFHqC87y/zFke0fC0spBXL3bBsoh/p5H1EFhshxjCR5+0g2d6BiXbUFz9v1sAcxsk2htp2eQnNIci2dIYcA=="
    },
    "node-fetch": {
      "version": "2.2.0",
      "resolved": "https://registry.npmjs.org/node-fetch/-/node-fetch-2.2.0.tgz",
      "integrity": "sha512-OayFWziIxiHY8bCUyLX6sTpDH8Jsbp4FfYd1j1f7vZyfgkcOnAyM4oQR16f8a0s7Gl/viMGRey8eScYk4V4EZA=="
    },
    "noop6": {
      "version": "1.0.7",
      "resolved": "https://registry.npmjs.org/noop6/-/noop6-1.0.7.tgz",
      "integrity": "sha1-lnZ78gWLpZyoy5FVk0fdyAI5+o4="
    },
    "path-key": {
      "version": "2.0.1",
      "resolved": "https://registry.npmjs.org/path-key/-/path-key-2.0.1.tgz",
      "integrity": "sha1-QRyttXTFoUDTpLGRDUDYDMn0C0A="
    },
    "priorityqueuejs": {
      "version": "1.0.0",
      "resolved": "https://registry.npmjs.org/priorityqueuejs/-/priorityqueuejs-1.0.0.tgz",
      "integrity": "sha1-LuTyPCVgkT4IwHzlzN1t498sWvg="
    },
    "semaphore": {
      "version": "1.0.5",
      "resolved": "https://registry.npmjs.org/semaphore/-/semaphore-1.0.5.tgz",
      "integrity": "sha1-tJJXbmavGT25XWXiXsU/Xxl5jWA="
    },
    "semver": {
      "version": "5.5.0",
      "resolved": "https://registry.npmjs.org/semver/-/semver-5.5.0.tgz",
      "integrity": "sha512-4SJ3dm0WAwWy/NVeioZh5AntkdJoWKxHxcmyP622fOkgHa4z3R0TdBJICINyaSDE6uNwVc8gZr+ZinwZAH4xIA=="
    },
    "shebang-command": {
      "version": "1.2.0",
      "resolved": "https://registry.npmjs.org/shebang-command/-/shebang-command-1.2.0.tgz",
      "integrity": "sha1-RKrGW2lbAzmJaMOfNj/uXer98eo=",
      "requires": {
        "shebang-regex": "1.0.0"
      }
    },
    "shebang-regex": {
      "version": "1.0.0",
      "resolved": "https://registry.npmjs.org/shebang-regex/-/shebang-regex-1.0.0.tgz",
      "integrity": "sha1-2kL0l0DAtC2yypcoVxyxkMmO/qM="
    },
    "tunnel": {
      "version": "0.0.5",
      "resolved": "https://registry.npmjs.org/tunnel/-/tunnel-0.0.5.tgz",
      "integrity": "sha512-gj5sdqherx4VZKMcBA4vewER7zdK25Td+z1npBqpbDys4eJrLx+SlYjJvq1bDXs2irkuJM5pf8ktaEQVipkrbA=="
    },
    "typpy": {
      "version": "2.3.10",
      "resolved": "https://registry.npmjs.org/typpy/-/typpy-2.3.10.tgz",
      "integrity": "sha512-DKiSmYeXF4q+K0H999sVROLjwsngad5AloblLo72No+xVT9W09ytUIOCC/3puHsf+Dsf8M2hoPds0H1HwJgQqg==",
      "requires": {
        "function.name": "1.0.10"
      }
    },
    "underscore": {
      "version": "1.8.3",
      "resolved": "https://registry.npmjs.org/underscore/-/underscore-1.8.3.tgz",
      "integrity": "sha1-Tz+1OxBuYJf8+ctBCfKl6b36UCI="
    },
    "uuid": {
      "version": "3.3.2",
      "resolved": "https://registry.npmjs.org/uuid/-/uuid-3.3.2.tgz",
      "integrity": "sha512-yXJmeNaw3DnnKAOKJE51sL/ZaYfWJRl1pK9dr19YFCu0ObS231AB1/LbqTKRAQ5kw8A90rA6fr4riOUpTZvQZA=="
    },
    "which": {
      "version": "1.3.1",
      "resolved": "https://registry.npmjs.org/which/-/which-1.3.1.tgz",
      "integrity": "sha512-HxJdYWq1MTIQbJ3nw0cqssHoTNU267KlrDuGZ1WYlxDStUtKUhOaJmh112/TZmHxxUfuJqPXSOm7tDyas0OSIQ==",
      "requires": {
        "isexe": "2.0.0"
      }
    }
  }
}
